
Microsoft Visual Studio Solution File, Format Version 12.00
# Visual Studio Version 17
VisualStudioVersion = 17.12.35728.132
MinimumVisualStudioVersion = 10.0.40219.1
Project("{FAE04EC0-301F-11D3-BF4B-00C04F79EFBC}") = "Transaction.Api", "AggregatedTransactions.EventDriven.sln\Transaction.Api.csproj", "{D5EFCFCE-92FB-4006-9A07-306DDB2F17B1}"
EndProject
Project("{2150E333-8FDC-42A3-9474-1A3956D46DE8}") = "src", "src", "{44DA0768-9B64-418F-8E20-332B28C56B35}"
EndProject
Project("{2150E333-8FDC-42A3-9474-1A3956D46DE8}") = "Contracts", "Contracts", "{B0553F8B-81D1-41E0-BD18-3F046442BEB3}"
EndProject
Project("{FAE04EC0-301F-11D3-BF4B-00C04F79EFBC}") = "Contracts", "Contracts\Contracts.csproj", "{C82261F1-9CDF-4B69-B703-2C83CABA9896}"
EndProject
Project("{2150E333-8FDC-42A3-9474-1A3956D46DE8}") = "Api", "Api", "{B655D0F0-5598-4BFD-95C5-BE381A458A45}"
EndProject
Project("{2150E333-8FDC-42A3-9474-1A3956D46DE8}") = "Shared", "Shared", "{7B4D05BA-12FC-420A-B1BC-C9941B86A74B}"
	ProjectSection(SolutionItems) = preProject
		BankA.API\docker-compose.yml = BankA.API\docker-compose.yml
	EndProjectSection
EndProject
Project("{2150E333-8FDC-42A3-9474-1A3956D46DE8}") = "tests", "tests", "{039D6C74-0BEC-4B13-9C5A-F66BFDC7014A}"
EndProject
Project("{2150E333-8FDC-42A3-9474-1A3956D46DE8}") = "db", "db", "{8AF81A7C-33DD-41B8-9380-16655D3F0E98}"
EndProject
Project("{2150E333-8FDC-42A3-9474-1A3956D46DE8}") = "scripts", "scripts", "{1441F086-3326-4095-B88D-8F9A2C4820EF}"
EndProject
Project("{2150E333-8FDC-42A3-9474-1A3956D46DE8}") = "observability", "observability", "{CDA9E133-7D90-40FA-A839-CB09E517E805}"
EndProject
Project("{2150E333-8FDC-42A3-9474-1A3956D46DE8}") = "grafana", "grafana", "{91CE44B5-8B6B-42BB-9F85-49631BC2EF90}"
EndProject
Project("{2150E333-8FDC-42A3-9474-1A3956D46DE8}") = "BankMicroservices", "BankMicroservices", "{1967B509-4808-41B9-9282-30EAD8DE829F}"
EndProject
Project("{FAE04EC0-301F-11D3-BF4B-00C04F79EFBC}") = "BankA.API", "BankA.API\BankA.API.csproj", "{71594B96-6F95-40F7-866B-5A8EFF3507A9}"
EndProject
Project("{2150E333-8FDC-42A3-9474-1A3956D46DE8}") = "Aggregator", "Aggregator", "{3865650C-0DC0-458A-B796-012DB1D2FCA0}"
EndProject
Project("{FAE04EC0-301F-11D3-BF4B-00C04F79EFBC}") = "Aggregator", "Aggregator\Aggregator.csproj", "{C4E027EE-98AE-47CB-9E41-91AF0824F0A3}"
EndProject
Project("{E53339B2-1760-4266-BCC7-CA923CBCF16C}") = "docker-compose", "docker-compose.dcproj", "{8FED44F5-846D-46C4-8A29-F308C3A019D5}"
EndProject
Global
	GlobalSection(SolutionConfigurationPlatforms) = preSolution
		Debug|Any CPU = Debug|Any CPU
		Release|Any CPU = Release|Any CPU
	EndGlobalSection
	GlobalSection(ProjectConfigurationPlatforms) = postSolution
		{D5EFCFCE-92FB-4006-9A07-306DDB2F17B1}.Debug|Any CPU.ActiveCfg = Debug|Any CPU
		{D5EFCFCE-92FB-4006-9A07-306DDB2F17B1}.Debug|Any CPU.Build.0 = Debug|Any CPU
		{D5EFCFCE-92FB-4006-9A07-306DDB2F17B1}.Release|Any CPU.ActiveCfg = Release|Any CPU
		{D5EFCFCE-92FB-4006-9A07-306DDB2F17B1}.Release|Any CPU.Build.0 = Release|Any CPU
		{C82261F1-9CDF-4B69-B703-2C83CABA9896}.Debug|Any CPU.ActiveCfg = Debug|Any CPU
		{C82261F1-9CDF-4B69-B703-2C83CABA9896}.Debug|Any CPU.Build.0 = Debug|Any CPU
		{C82261F1-9CDF-4B69-B703-2C83CABA9896}.Release|Any CPU.ActiveCfg = Release|Any CPU
		{C82261F1-9CDF-4B69-B703-2C83CABA9896}.Release|Any CPU.Build.0 = Release|Any CPU
		{71594B96-6F95-40F7-866B-5A8EFF3507A9}.Debug|Any CPU.ActiveCfg = Debug|Any CPU
		{71594B96-6F95-40F7-866B-5A8EFF3507A9}.Debug|Any CPU.Build.0 = Debug|Any CPU
		{71594B96-6F95-40F7-866B-5A8EFF3507A9}.Release|Any CPU.ActiveCfg = Release|Any CPU
		{71594B96-6F95-40F7-866B-5A8EFF3507A9}.Release|Any CPU.Build.0 = Release|Any CPU
		{C4E027EE-98AE-47CB-9E41-91AF0824F0A3}.Debug|Any CPU.ActiveCfg = Debug|Any CPU
		{C4E027EE-98AE-47CB-9E41-91AF0824F0A3}.Debug|Any CPU.Build.0 = Debug|Any CPU
		{C4E027EE-98AE-47CB-9E41-91AF0824F0A3}.Release|Any CPU.ActiveCfg = Release|Any CPU
		{C4E027EE-98AE-47CB-9E41-91AF0824F0A3}.Release|Any CPU.Build.0 = Release|Any CPU
		{8FED44F5-846D-46C4-8A29-F308C3A019D5}.Debug|Any CPU.ActiveCfg = Debug|Any CPU
		{8FED44F5-846D-46C4-8A29-F308C3A019D5}.Debug|Any CPU.Build.0 = Debug|Any CPU
		{8FED44F5-846D-46C4-8A29-F308C3A019D5}.Release|Any CPU.ActiveCfg = Release|Any CPU
		{8FED44F5-846D-46C4-8A29-F308C3A019D5}.Release|Any CPU.Build.0 = Release|Any CPU
	EndGlobalSection
	GlobalSection(SolutionProperties) = preSolution
		HideSolutionNode = FALSE
	EndGlobalSection
	GlobalSection(NestedProjects) = preSolution
		{D5EFCFCE-92FB-4006-9A07-306DDB2F17B1} = {B655D0F0-5598-4BFD-95C5-BE381A458A45}
		{B0553F8B-81D1-41E0-BD18-3F046442BEB3} = {44DA0768-9B64-418F-8E20-332B28C56B35}
		{C82261F1-9CDF-4B69-B703-2C83CABA9896} = {B0553F8B-81D1-41E0-BD18-3F046442BEB3}
		{B655D0F0-5598-4BFD-95C5-BE381A458A45} = {44DA0768-9B64-418F-8E20-332B28C56B35}
		{7B4D05BA-12FC-420A-B1BC-C9941B86A74B} = {44DA0768-9B64-418F-8E20-332B28C56B35}
		{1441F086-3326-4095-B88D-8F9A2C4820EF} = {8AF81A7C-33DD-41B8-9380-16655D3F0E98}
		{91CE44B5-8B6B-42BB-9F85-49631BC2EF90} = {CDA9E133-7D90-40FA-A839-CB09E517E805}
		{1967B509-4808-41B9-9282-30EAD8DE829F} = {44DA0768-9B64-418F-8E20-332B28C56B35}
		{71594B96-6F95-40F7-866B-5A8EFF3507A9} = {1967B509-4808-41B9-9282-30EAD8DE829F}
		{3865650C-0DC0-458A-B796-012DB1D2FCA0} = {44DA0768-9B64-418F-8E20-332B28C56B35}
		{C4E027EE-98AE-47CB-9E41-91AF0824F0A3} = {3865650C-0DC0-458A-B796-012DB1D2FCA0}
	EndGlobalSection
EndGlobal
